PODS:
  - Crashlytics (3.10.1):
    - Fabric (~> 1.7.5)
  - Fabric (1.7.5)
  - GoogleMaps (2.6.0):
    - GoogleMaps/Maps (= 2.6.0)
  - GoogleMaps/Base (2.6.0)
  - GoogleMaps/Maps (2.6.0):
    - GoogleMaps/Base

DEPENDENCIES:
  - Crashlytics
  - Fabric
  - GoogleMaps

SPEC CHECKSUMS:
  Crashlytics: aee1a064cbbf99b32efa3f056a5f458d846bc8ff
  Fabric: ae7146a5f505ea370a1e44820b4b1dc8890e2890
  GoogleMaps: 42f91c68b7fa2f84d5c86597b18ceb99f5414c7f

PODFILE CHECKSUM: c84618a1000ef151f7fafd5fa527a43c6fa98c72

COCOAPODS: 1.4.0
